
Microsoft Visual Studio Solution File, Format Version 12.00
# Visual Studio 15
VisualStudioVersion = 15.0.28010.2026
MinimumVisualStudioVersion = 10.0.40219.1
Project("{FAE04EC0-301F-11D3-BF4B-00C04F79EFBC}") = "SP_4", "SP_4\SP_4.csproj", "{CA0D58A5-BF65-43D5-B639-EA5779DEF1A9}"
EndProject
Global
	GlobalSection(SolutionConfigurationPlatforms) = preSolution
		Debug|Any CPU = Debug|Any CPU
		Release|Any CPU = Release|Any CPU
	EndGlobalSection
	GlobalSection(ProjectConfigurationPlatforms) = postSolution
		{CA0D58A5-BF65-43D5-B639-EA5779DEF1A9}.Debug|Any CPU.ActiveCfg = Debug|Any CPU
		{CA0D58A5-BF65-43D5-B639-EA5779DEF1A9}.Debug|Any CPU.Build.0 = Debug|Any CPU
		{CA0D58A5-BF65-43D5-B639-EA5779DEF1A9}.Release|Any CPU.ActiveCfg = Release|Any CPU
		{CA0D58A5-BF65-43D5-B639-EA5779DEF1A9}.Release|Any CPU.Build.0 = Release|Any CPU
	EndGlobalSection
	GlobalSection(SolutionProperties) = preSolution
		HideSolutionNode = FALSE
	EndGlobalSection
	GlobalSection(ExtensibilityGlobals) = postSolution
		SolutionGuid = {87BAC22E-F27F-4751-9F73-F644E6A31004}
	EndGlobalSection
EndGlobal
